
Microsoft Visual Studio Solution File, Format Version 12.00
# Visual Studio 15
VisualStudioVersion = 15.0.27428.2015
MinimumVisualStudioVersion = 10.0.40219.1
Project("{FAE04EC0-301F-11D3-BF4B-00C04F79EFBC}") = "Project2", "Project2\Project2.csproj", "{72024582-A9E3-4B41-AD2C-AECD5BF6888D}"
EndProject
Global
	GlobalSection(SolutionConfigurationPlatforms) = preSolution
		Debug|Any CPU = Debug|Any CPU
		Release|Any CPU = Release|Any CPU
	EndGlobalSection
	GlobalSection(ProjectConfigurationPlatforms) = postSolution
		{72024582-A9E3-4B41-AD2C-AECD5BF6888D}.Debug|Any CPU.ActiveCfg = Debug|Any CPU
		{72024582-A9E3-4B41-AD2C-AECD5BF6888D}.Debug|Any CPU.Build.0 = Debug|Any CPU
		{72024582-A9E3-4B41-AD2C-AECD5BF6888D}.Release|Any CPU.ActiveCfg = Release|Any CPU
		{72024582-A9E3-4B41-AD2C-AECD5BF6888D}.Release|Any CPU.Build.0 = Release|Any CPU
	EndGlobalSection
	GlobalSection(SolutionProperties) = preSolution
		HideSolutionNode = FALSE
	EndGlobalSection
	GlobalSection(ExtensibilityGlobals) = postSolution
		SolutionGuid = {56DE4581-D216-4ABA-9F18-38C37A2B30AB}
	EndGlobalSection
EndGlobal
